Microsoft Visual Studio Solution File, Format Version 11.00
# Visual Studio 2008

Project("{B20B54A2-9EF2-4A8F-384E-F5B87D7C5CA1}") = "CharAR", "Assembly-CSharp-firstpass.csproj", "{619AE7C9-5F6F-CECA-2DE3-AC66CF58E819}"
EndProject
Project("{B20B54A2-9EF2-4A8F-384E-F5B87D7C5CA1}") = "CharAR", "Assembly-CSharp.csproj", "{6F700F5C-012F-D699-32A4-C27895A1D36D}"
EndProject
Project("{B20B54A2-9EF2-4A8F-384E-F5B87D7C5CA1}") = "CharAR", "Assembly-CSharp-Editor.csproj", "{7F325255-A760-637D-1F7D-62E78D30A046}"
EndProject
Global
	GlobalSection(SolutionConfigurationPlatforms) = preSolution
		Debug|Any CPU = Debug|Any CPU
		Release|Any CPU = Release|Any CPU
	EndGlobalSection
	GlobalSection(ProjectConfigurationPlatforms) = postSolution
		{619AE7C9-5F6F-CECA-2DE3-AC66CF58E819}.Debug|Any CPU.ActiveCfg = Debug|Any CPU
		{619AE7C9-5F6F-CECA-2DE3-AC66CF58E819}.Debug|Any CPU.Build.0 = Debug|Any CPU
		{619AE7C9-5F6F-CECA-2DE3-AC66CF58E819}.Release|Any CPU.ActiveCfg = Release|Any CPU
		{619AE7C9-5F6F-CECA-2DE3-AC66CF58E819}.Release|Any CPU.Build.0 = Release|Any CPU
		{6F700F5C-012F-D699-32A4-C27895A1D36D}.Debug|Any CPU.ActiveCfg = Debug|Any CPU
		{6F700F5C-012F-D699-32A4-C27895A1D36D}.Debug|Any CPU.Build.0 = Debug|Any CPU
		{6F700F5C-012F-D699-32A4-C27895A1D36D}.Release|Any CPU.ActiveCfg = Release|Any CPU
		{6F700F5C-012F-D699-32A4-C27895A1D36D}.Release|Any CPU.Build.0 = Release|Any CPU
		{7F325255-A760-637D-1F7D-62E78D30A046}.Debug|Any CPU.ActiveCfg = Debug|Any CPU
		{7F325255-A760-637D-1F7D-62E78D30A046}.Debug|Any CPU.Build.0 = Debug|Any CPU
		{7F325255-A760-637D-1F7D-62E78D30A046}.Release|Any CPU.ActiveCfg = Release|Any CPU
		{7F325255-A760-637D-1F7D-62E78D30A046}.Release|Any CPU.Build.0 = Release|Any CPU
	EndGlobalSection
	GlobalSection(SolutionProperties) = preSolution
		HideSolutionNode = FALSE
	EndGlobalSection
	GlobalSection(MonoDevelopProperties) = preSolution
		StartupItem = Assembly-CSharp.csproj
	EndGlobalSection
EndGlobal
